
Microsoft Visual Studio Solution File, Format Version 12.00
# Visual Studio Version 16
VisualStudioVersion = 16.0.31424.327
MinimumVisualStudioVersion = 10.0.40219.1
Project("{FAE04EC0-301F-11D3-BF4B-00C04F79EFBC}") = "ConsoleApp3", "ConsoleApp3\ConsoleApp3.csproj", "{94F06179-2314-4D3F-83CC-D194F30C77E3}"
EndProject
Global
	GlobalSection(SolutionConfigurationPlatforms) = preSolution
		Debug|Any CPU = Debug|Any CPU
		Release|Any CPU = Release|Any CPU
	EndGlobalSection
	GlobalSection(ProjectConfigurationPlatforms) = postSolution
		{94F06179-2314-4D3F-83CC-D194F30C77E3}.Debug|Any CPU.ActiveCfg = Debug|Any CPU
		{94F06179-2314-4D3F-83CC-D194F30C77E3}.Debug|Any CPU.Build.0 = Debug|Any CPU
		{94F06179-2314-4D3F-83CC-D194F30C77E3}.Release|Any CPU.ActiveCfg = Release|Any CPU
		{94F06179-2314-4D3F-83CC-D194F30C77E3}.Release|Any CPU.Build.0 = Release|Any CPU
	EndGlobalSection
	GlobalSection(SolutionProperties) = preSolution
		HideSolutionNode = FALSE
	EndGlobalSection
	GlobalSection(ExtensibilityGlobals) = postSolution
		SolutionGuid = {2CA157B7-3AE1-4630-97FB-AC773A3849C5}
	EndGlobalSection
EndGlobal
